
Microsoft Visual Studio Solution File, Format Version 12.00
# Visual Studio 14
VisualStudioVersion = 14.0.23107.0
MinimumVisualStudioVersion = 10.0.40219.1
Project("{FAE04EC0-301F-11D3-BF4B-00C04F79EFBC}") = "MandelbrotGraph_WPF", "MandelbrotGraph_WPF\MandelbrotGraph_WPF.csproj", "{EF522CEB-7D94-4D7E-BB36-7B354B294C7E}"
EndProject
Global
	GlobalSection(SolutionConfigurationPlatforms) = preSolution
		Debug|Any CPU = Debug|Any CPU
		Release|Any CPU = Release|Any CPU
	EndGlobalSection
	GlobalSection(ProjectConfigurationPlatforms) = postSolution
		{EF522CEB-7D94-4D7E-BB36-7B354B294C7E}.Debug|Any CPU.ActiveCfg = Debug|Any CPU
		{EF522CEB-7D94-4D7E-BB36-7B354B294C7E}.Debug|Any CPU.Build.0 = Debug|Any CPU
		{EF522CEB-7D94-4D7E-BB36-7B354B294C7E}.Release|Any CPU.ActiveCfg = Release|Any CPU
		{EF522CEB-7D94-4D7E-BB36-7B354B294C7E}.Release|Any CPU.Build.0 = Release|Any CPU
	EndGlobalSection
	GlobalSection(SolutionProperties) = preSolution
		HideSolutionNode = FALSE
	EndGlobalSection
EndGlobal
